{
  "name": "msal-react",
  "version": "0.1.0",
  "lockfileVersion": 1,
  "requires": true,
  "dependencies": {
    "@types/react": {
      "version": "16.8.11",
      "resolved": "https://registry.npmjs.org/@types/react/-/react-16.8.11.tgz",
      "integrity": "sha512-xEqvjpe7L5xAMlbZYUxxrgo3+ZXBvdnbhDtLWE/Md5LRw/quMRebZBIbqyKCl/77i64rqVtC2/WVDuYmO/diJQ==",
      "dev": true,
      "requires": {
        "@types/prop-types": "*",
        "csstype": "^2.2.0"
      },
      "dependencies": {
        "@types/prop-types": {
          "version": "15.7.1",
          "resolved": "https://registry.npmjs.org/@types/prop-types/-/prop-types-15.7.1.tgz",
          "integrity": "sha512-CFzn9idOEpHrgdw8JsoTkaDDyRWk1jrzIV8djzcgpq0y9tG4B4lFT+Nxh52DVpDXV+n4+NPNv7M1Dj5uMp6XFg==",
          "dev": true
        },
        "csstype": {
          "version": "2.6.6",
          "resolved": "https://registry.npmjs.org/csstype/-/csstype-2.6.6.tgz",
          "integrity": "sha512-RpFbQGUE74iyPgvr46U9t1xoQBM8T4BL8SxrN66Le2xYAPSaDJJKeztV3awugusb3g3G9iL8StmkBBXhcbbXhg==",
          "dev": true
        }
      }
    },
    "js-base64": {
      "version": "2.5.1",
      "resolved": "https://registry.npmjs.org/js-base64/-/js-base64-2.5.1.tgz",
      "integrity": "sha512-M7kLczedRMYX4L8Mdh4MzyAMM9O5osx+4FcOQuTvr3A9F2D9S5JXheN0ewNbrvK2UatkTRhL5ejGmGSjNMiZuw==",
      "dev": true
    },
    "msal": {
      "version": "1.0.2",
      "resolved": "https://registry.npmjs.org/msal/-/msal-1.0.2.tgz",
      "integrity": "sha512-jWbuqLg0jFWj/Wy9A9LbJahuDguQI1KI4y06HOG7OFKHWdXJ8DJCgbwlCSoq2nUM0cbGfhsYX6MRDxJ7R3ZrAg==",
      "dev": true,
      "requires": {
        "js-base64": "^2.5.1",
        "tslib": "^1.9.3"
      }
    },
    "tslib": {
      "version": "1.9.3",
      "resolved": "https://registry.npmjs.org/tslib/-/tslib-1.9.3.tgz",
      "integrity": "sha512-4krF8scpejhaOgqzBEcGM7yDIEfi0/8+8zDRZhNZZ2kjmHJ4hv3zCbQWxoJGz1iw5U0Jl0nma13xzHXcncMavQ==",
      "dev": true
    }
  }
}
