{
  "name": "msal-react",
  "version": "0.1.0",
  "lockfileVersion": 1,
  "requires": true,
  "dependencies": {
    "js-base64": {
      "version": "2.5.1",
      "resolved": "https://registry.npmjs.org/js-base64/-/js-base64-2.5.1.tgz",
      "integrity": "sha512-M7kLczedRMYX4L8Mdh4MzyAMM9O5osx+4FcOQuTvr3A9F2D9S5JXheN0ewNbrvK2UatkTRhL5ejGmGSjNMiZuw==",
      "dev": true
    },
    "msal": {
      "version": "1.0.2",
      "resolved": "https://registry.npmjs.org/msal/-/msal-1.0.2.tgz",
      "integrity": "sha512-jWbuqLg0jFWj/Wy9A9LbJahuDguQI1KI4y06HOG7OFKHWdXJ8DJCgbwlCSoq2nUM0cbGfhsYX6MRDxJ7R3ZrAg==",
      "dev": true,
      "requires": {
        "js-base64": "^2.5.1",
        "tslib": "^1.9.3"
      }
    },
    "tslib": {
      "version": "1.9.3",
      "resolved": "https://registry.npmjs.org/tslib/-/tslib-1.9.3.tgz",
      "integrity": "sha512-4krF8scpejhaOgqzBEcGM7yDIEfi0/8+8zDRZhNZZ2kjmHJ4hv3zCbQWxoJGz1iw5U0Jl0nma13xzHXcncMavQ==",
      "dev": true
    }
  }
}
